// !$*UTF8*$!
{
	archiveVersion = 1;
	classes = {
	};
	objectVersion = 42;
	objects = {

/* Begin PBXFileReference section */
		141C65AE0CCED73600743DE7 /* MenuController.h */ = {isa = PBXFileReference; fileEncoding = 0; lastKnownFileType = sourcecode.c.h; path = MenuController.h; sourceTree = "<group>"; };
		141C65AF0CCED73600743DE7 /* MenuController.m */ = {isa = PBXFileReference; fileEncoding = 0; lastKnownFileType = sourcecode.c.objc; path = MenuController.m; sourceTree = "<group>"; };
		141C65B00CCED74200743DE7 /* ThreadIndexController.h */ = {isa = PBXFileReference; fileEncoding = 0; lastKnownFileType = sourcecode.c.h; path = ThreadIndexController.h; sourceTree = "<group>"; };
		141C65B10CCED74200743DE7 /* ThreadIndexController.m */ = {isa = PBXFileReference; fileEncoding = 0; lastKnownFileType = sourcecode.c.objc; path = ThreadIndexController.m; sourceTree = "<group>"; };
		141C66480CCEDAC100743DE7 /* DataDecoder.h */ = {isa = PBXFileReference; fileEncoding = 4; lastKnownFileType = sourcecode.c.h; path = DataDecoder.h; sourceTree = "<group>"; };
		141C66490CCEDAC100743DE7 /* DataDecoder.m */ = {isa = PBXFileReference; fileEncoding = 4; lastKnownFileType = sourcecode.c.objc; path = DataDecoder.m; sourceTree = "<group>"; };
		141F0F3D0CDEC16100072CBB /* HTMLEliminator.h */ = {isa = PBXFileReference; fileEncoding = 4; lastKnownFileType = sourcecode.c.h; path = HTMLEliminator.h; sourceTree = "<group>"; };
		141F0F3E0CDEC16100072CBB /* HTMLEliminator.m */ = {isa = PBXFileReference; fileEncoding = 4; lastKnownFileType = sourcecode.c.objc; path = HTMLEliminator.m; sourceTree = "<group>"; };
		147688500CDCD23F001FD034 /* ThreadCell.h */ = {isa = PBXFileReference; fileEncoding = 4; lastKnownFileType = sourcecode.c.h; path = ThreadCell.h; sourceTree = "<group>"; };
		147688510CDCD23F001FD034 /* ThreadCell.m */ = {isa = PBXFileReference; fileEncoding = 4; lastKnownFileType = sourcecode.c.objc; path = ThreadCell.m; sourceTree = "<group>"; };
		14977F310CCB8A3200C2F5A8 /* ThreadView.h */ = {isa = PBXFileReference; fileEncoding = 4; lastKnownFileType = sourcecode.c.h; path = ThreadView.h; sourceTree = "<group>"; };
		14977F320CCB8A3200C2F5A8 /* ThreadView.m */ = {isa = PBXFileReference; fileEncoding = 4; lastKnownFileType = sourcecode.c.objc; path = ThreadView.m; sourceTree = "<group>"; };
		149F6AF80CCE473B00252648 /* invariables.h */ = {isa = PBXFileReference; fileEncoding = 4; lastKnownFileType = sourcecode.c.h; path = invariables.h; sourceTree = "<group>"; };
		14B2BD430CC9F65900CFA38D /* OfficeImport.framework */ = {isa = PBXFileReference; lastKnownFileType = wrapper.framework; name = OfficeImport.framework; path = "/usr/local/arm-apple-darwin/heavenly/System/Library/Frameworks/OfficeImport.framework"; sourceTree = "<absolute>"; };
		14B2BD680CCA128400CFA38D /* CategoryView.h */ = {isa = PBXFileReference; fileEncoding = 4; lastKnownFileType = sourcecode.c.h; path = CategoryView.h; sourceTree = "<group>"; };
		14B2BD690CCA128400CFA38D /* CategoryView.m */ = {isa = PBXFileReference; fileEncoding = 4; lastKnownFileType = sourcecode.c.objc; path = CategoryView.m; sourceTree = "<group>"; };
		14B2C1680CCA366900CFA38D /* BoardView.h */ = {isa = PBXFileReference; fileEncoding = 0; lastKnownFileType = sourcecode.c.h; path = BoardView.h; sourceTree = "<group>"; };
		14B2C1690CCA366900CFA38D /* BoardView.m */ = {isa = PBXFileReference; fileEncoding = 4; lastKnownFileType = sourcecode.c.objc; path = BoardView.m; sourceTree = "<group>"; };
		14B2C2EA0CCA416F00CFA38D /* ThreadIndexView.h */ = {isa = PBXFileReference; fileEncoding = 0; lastKnownFileType = sourcecode.c.h; path = ThreadIndexView.h; sourceTree = "<group>"; };
		14B2C2EB0CCA416F00CFA38D /* ThreadIndexView.m */ = {isa = PBXFileReference; fileEncoding = 4; lastKnownFileType = sourcecode.c.objc; path = ThreadIndexView.m; sourceTree = "<group>"; };
		14D246520CD04852001E2059 /* ThreadController.h */ = {isa = PBXFileReference; fileEncoding = 0; lastKnownFileType = sourcecode.c.h; path = ThreadController.h; sourceTree = "<group>"; };
		14D246530CD04852001E2059 /* ThreadController.m */ = {isa = PBXFileReference; fileEncoding = 4; lastKnownFileType = sourcecode.c.objc; path = ThreadController.m; sourceTree = "<group>"; };
		14FB163D0CC22E3B004DFCDA /* Foundation.framework */ = {isa = PBXFileReference; lastKnownFileType = wrapper.framework; name = Foundation.framework; path = "/usr/local/arm-apple-darwin/heavenly/System/Library/Frameworks/Foundation.framework"; sourceTree = "<absolute>"; };
		14FB163E0CC22E3B004DFCDA /* UIKit.framework */ = {isa = PBXFileReference; lastKnownFileType = wrapper.framework; name = UIKit.framework; path = "/usr/local/arm-apple-darwin/heavenly/System/Library/Frameworks/UIKit.framework"; sourceTree = "<absolute>"; };
		14FB168E0CC233BA004DFCDA /* prefix.pch */ = {isa = PBXFileReference; fileEncoding = 0; lastKnownFileType = sourcecode.c.h; path = prefix.pch; sourceTree = "<group>"; };
		14FB168F0CC233D7004DFCDA /* MyApp.h */ = {isa = PBXFileReference; fileEncoding = 0; lastKnownFileType = sourcecode.c.h; path = MyApp.h; sourceTree = "<group>"; };
		14FB16900CC233D7004DFCDA /* MyApp.m */ = {isa = PBXFileReference; fileEncoding = 4; lastKnownFileType = sourcecode.c.objc; path = MyApp.m; sourceTree = "<group>"; };
		29B97316FDCFA39411CA2CEA /* main.m */ = {isa = PBXFileReference; fileEncoding = 30; lastKnownFileType = sourcecode.c.objc; path = main.m; sourceTree = "<group>"; };
		8D1107310486CEB800E47090 /* Info.plist */ = {isa = PBXFileReference; fileEncoding = 4; lastKnownFileType = text.plist; path = Info.plist; sourceTree = "<group>"; };
		D92591D70C6B431100BBDBBC /* Makefile */ = {isa = PBXFileReference; explicitFileType = sourcecode.make; fileEncoding = 30; path = Makefile; sourceTree = "<group>"; };
/* End PBXFileReference section */

/* Begin PBXGroup section */
		080E96DDFE201D6D7F000001 /* Classes */ = {
			isa = PBXGroup;
			children = (
				14FB168F0CC233D7004DFCDA /* MyApp.h */,
				14FB16900CC233D7004DFCDA /* MyApp.m */,
				141C66480CCEDAC100743DE7 /* DataDecoder.h */,
				141C66490CCEDAC100743DE7 /* DataDecoder.m */,
				141F0F3D0CDEC16100072CBB /* HTMLEliminator.h */,
				141F0F3E0CDEC16100072CBB /* HTMLEliminator.m */,
			);
			name = Classes;
			sourceTree = "<group>";
		};
		14977F150CCB87D200C2F5A8 /* Thread */ = {
			isa = PBXGroup;
			children = (
				14D246520CD04852001E2059 /* ThreadController.h */,
				14D246530CD04852001E2059 /* ThreadController.m */,
				14977F310CCB8A3200C2F5A8 /* ThreadView.h */,
				14977F320CCB8A3200C2F5A8 /* ThreadView.m */,
				147688500CDCD23F001FD034 /* ThreadCell.h */,
				147688510CDCD23F001FD034 /* ThreadCell.m */,
			);
			name = Thread;
			sourceTree = "<group>";
		};
		14B2C2C10CCA3FCB00CFA38D /* Category&Board */ = {
			isa = PBXGroup;
			children = (
				141C65AE0CCED73600743DE7 /* MenuController.h */,
				141C65AF0CCED73600743DE7 /* MenuController.m */,
				14B2BD680CCA128400CFA38D /* CategoryView.h */,
				14B2BD690CCA128400CFA38D /* CategoryView.m */,
				14B2C1680CCA366900CFA38D /* BoardView.h */,
				14B2C1690CCA366900CFA38D /* BoardView.m */,
			);
			name = "Category&Board";
			sourceTree = "<group>";
		};
		14B2C2C20CCA3FDF00CFA38D /* ThreadIndex */ = {
			isa = PBXGroup;
			children = (
				141C65B00CCED74200743DE7 /* ThreadIndexController.h */,
				141C65B10CCED74200743DE7 /* ThreadIndexController.m */,
				14B2C2EA0CCA416F00CFA38D /* ThreadIndexView.h */,
				14B2C2EB0CCA416F00CFA38D /* ThreadIndexView.m */,
			);
			name = ThreadIndex;
			sourceTree = "<group>";
		};
		19C28FACFE9D520D11CA2CBB /* Products */ = {
			isa = PBXGroup;
			children = (
			);
			name = Products;
			sourceTree = "<group>";
		};
		29B97314FDCFA39411CA2CEA /* Motion */ = {
			isa = PBXGroup;
			children = (
				D92591D70C6B431100BBDBBC /* Makefile */,
				14B2C2C10CCA3FCB00CFA38D /* Category&Board */,
				14B2C2C20CCA3FDF00CFA38D /* ThreadIndex */,
				14977F150CCB87D200C2F5A8 /* Thread */,
				080E96DDFE201D6D7F000001 /* Classes */,
				29B97315FDCFA39411CA2CEA /* Other Sources */,
				29B97317FDCFA39411CA2CEA /* Resources */,
				29B97323FDCFA39411CA2CEA /* Frameworks */,
				19C28FACFE9D520D11CA2CBB /* Products */,
			);
			name = Motion;
			sourceTree = "<group>";
		};
		29B97315FDCFA39411CA2CEA /* Other Sources */ = {
			isa = PBXGroup;
			children = (
				14FB168E0CC233BA004DFCDA /* prefix.pch */,
				29B97316FDCFA39411CA2CEA /* main.m */,
				149F6AF80CCE473B00252648 /* invariables.h */,
			);
			name = "Other Sources";
			sourceTree = "<group>";
		};
		29B97317FDCFA39411CA2CEA /* Resources */ = {
			isa = PBXGroup;
			children = (
				8D1107310486CEB800E47090 /* Info.plist */,
			);
			name = Resources;
			sourceTree = "<group>";
		};
		29B97323FDCFA39411CA2CEA /* Frameworks */ = {
			isa = PBXGroup;
			children = (
				14B2BD430CC9F65900CFA38D /* OfficeImport.framework */,
				14FB163D0CC22E3B004DFCDA /* Foundation.framework */,
				14FB163E0CC22E3B004DFCDA /* UIKit.framework */,
			);
			name = Frameworks;
			sourceTree = "<group>";
		};
/* End PBXGroup section */

/* Begin PBXLegacyTarget section */
		D92591D10C6B42C700BBDBBC /* 2chViewer */ = {
			isa = PBXLegacyTarget;
			buildArgumentsString = "$(ACTION)";
			buildConfigurationList = D92591D40C6B42CE00BBDBBC /* Build configuration list for PBXLegacyTarget "2chViewer" */;
			buildPhases = (
			);
			buildToolPath = /usr/bin/make;
			dependencies = (
			);
			name = 2chViewer;
			passBuildSettingsInEnvironment = 1;
			productName = Motion;
		};
/* End PBXLegacyTarget section */

/* Begin PBXProject section */
		29B97313FDCFA39411CA2CEA /* Project object */ = {
			isa = PBXProject;
			buildConfigurationList = C01FCF4E08A954540054247B /* Build configuration list for PBXProject "2chViewer" */;
			compatibilityVersion = "Xcode 2.4";
			hasScannedForEncodings = 1;
			mainGroup = 29B97314FDCFA39411CA2CEA /* Motion */;
			projectDirPath = "";
			projectRoot = "";
			targets = (
				D92591D10C6B42C700BBDBBC /* 2chViewer */,
			);
		};
/* End PBXProject section */

/* Begin XCBuildConfiguration section */
		C01FCF4F08A954540054247B /* Debug */ = {
			isa = XCBuildConfiguration;
			buildSettings = {
				ARCHS = arm;
				CC = "/usr/local/iphonedev/bin/arm-apple-darwin-cc";
				CXX = "/usr/local/iphonedev/bin/arm-apple-darwin-cc";
				GCC_WARN_ABOUT_RETURN_TYPE = YES;
				GCC_WARN_UNUSED_VARIABLE = YES;
				LD = "/usr/local/iphonedev/bin/arm-apple-darwin-cc";
				PREBINDING = NO;
				PRODUCT_NAME = 2chViewer;
				SDKROOT = /Developer/SDKs/iPhone.sdk;
				SHARED_PRECOMPS_DIR = "/Library/Caches/com.apple.Xcode.iPhone.$(UID)/SharedPrecompiledHeaders";
			};
			name = Debug;
		};
		C01FCF5008A954540054247B /* Release */ = {
			isa = XCBuildConfiguration;
			buildSettings = {
				ARCHS = arm;
				CC = "/usr/local/iphonedev/bin/arm-apple-darwin-cc";
				CXX = "/usr/local/iphonedev/bin/arm-apple-darwin-cc";
				GCC_WARN_ABOUT_RETURN_TYPE = YES;
				GCC_WARN_UNUSED_VARIABLE = YES;
				LD = "/usr/local/iphonedev/bin/arm-apple-darwin-cc";
				PREBINDING = NO;
				PRODUCT_NAME = 2chViewer;
				SDKROOT = /Developer/SDKs/iPhone.sdk;
				SHARED_PRECOMPS_DIR = "/Library/Caches/com.apple.Xcode.iPhone.$(UID)/SharedPrecompiledHeaders";
			};
			name = Release;
		};
		D92591D50C6B42CE00BBDBBC /* Debug */ = {
			isa = XCBuildConfiguration;
			buildSettings = {
				COPY_PHASE_STRIP = NO;
				GCC_DYNAMIC_NO_PIC = NO;
				GCC_GENERATE_DEBUGGING_SYMBOLS = YES;
				GCC_OPTIMIZATION_LEVEL = 0;
			};
			name = Debug;
		};
		D92591D60C6B42CE00BBDBBC /* Release */ = {
			isa = XCBuildConfiguration;
			buildSettings = {
				COPY_PHASE_STRIP = YES;
				GCC_ENABLE_FIX_AND_CONTINUE = NO;
				GCC_GENERATE_DEBUGGING_SYMBOLS = NO;
				ZERO_LINK = NO;
			};
			name = Release;
		};
/* End XCBuildConfiguration section */

/* Begin XCConfigurationList section */
		C01FCF4E08A954540054247B /* Build configuration list for PBXProject "2chViewer" */ = {
			isa = XCConfigurationList;
			buildConfigurations = (
				C01FCF4F08A954540054247B /* Debug */,
				C01FCF5008A954540054247B /* Release */,
			);
			defaultConfigurationIsVisible = 0;
			defaultConfigurationName = Release;
		};
		D92591D40C6B42CE00BBDBBC /* Build configuration list for PBXLegacyTarget "2chViewer" */ = {
			isa = XCConfigurationList;
			buildConfigurations = (
				D92591D50C6B42CE00BBDBBC /* Debug */,
				D92591D60C6B42CE00BBDBBC /* Release */,
			);
			defaultConfigurationIsVisible = 0;
			defaultConfigurationName = Release;
		};
/* End XCConfigurationList section */
	};
	rootObject = 29B97313FDCFA39411CA2CEA /* Project object */;
}
